
Microsoft Visual Studio Solution File, Format Version 12.00
# Visual Studio Version 17
VisualStudioVersion = 17.12.35707.178
MinimumVisualStudioVersion = 10.0.40219.1
Project("{2150E333-8FDC-42A3-9474-1A3956D46DE8}") = "KProject.DomainModel", "KProject.DomainModel", "{1FBE7B00-1659-4302-88FC-D0507BEEC8D5}"
EndProject
Project("{2150E333-8FDC-42A3-9474-1A3956D46DE8}") = "KProject.Api", "KProject.Api", "{3C3268E7-9B34-4166-9899-4D22C9B06E76}"
EndProject
Project("{2150E333-8FDC-42A3-9474-1A3956D46DE8}") = "KProject.Infrastructure", "KProject.Infrastructure", "{56E4FC26-D1F5-43F7-BA51-ABD508D843BE}"
EndProject
Project("{2150E333-8FDC-42A3-9474-1A3956D46DE8}") = "KProject.Contract", "KProject.Contract", "{5BC62840-0F34-4773-8A84-A6E8E65624D2}"
EndProject
Project("{2150E333-8FDC-42A3-9474-1A3956D46DE8}") = "KProject.Persistence", "KProject.Persistence", "{F6B22A8F-5924-4573-854E-391B67612ADE}"
EndProject
Project("{FAE04EC0-301F-11D3-BF4B-00C04F79EFBC}") = "KProject.Api", "KProject.Api\KProject.Api\KProject.Api.csproj", "{B2AA525F-27E3-47EC-9B9E-0D1A630B020F}"
EndProject
Project("{FAE04EC0-301F-11D3-BF4B-00C04F79EFBC}") = "KProject.Api.Contract", "KProject.Contract\KProject.Api.Contract\KProject.Api.Contract.csproj", "{9494DD30-7265-40EF-AE57-A8F0B2822142}"
EndProject
Project("{FAE04EC0-301F-11D3-BF4B-00C04F79EFBC}") = "KProject.AuthenticationService.Contract", "KProject.Contract\KProject.AuthenticationService.Contract\KProject.AuthenticationService.Contract.csproj", "{A997873A-EE8F-4824-A6B8-9FC2829C0065}"
EndProject
Project("{FAE04EC0-301F-11D3-BF4B-00C04F79EFBC}") = "KProject.TransactionsService.Contract", "KProject.Contract\KProject.TransactionsService.Contract\KProject.TransactionsService.Contract.csproj", "{BCC93098-F6B2-46C4-8123-2AC4C4D755EC}"
EndProject
Project("{FAE04EC0-301F-11D3-BF4B-00C04F79EFBC}") = "KProject.DomainModel", "KProject.DomainModel\KProject.DomainModel\KProject.DomainModel.csproj", "{34C536A8-71D4-4FF9-BC95-F006E821D26B}"
EndProject
Project("{FAE04EC0-301F-11D3-BF4B-00C04F79EFBC}") = "KProject.AuthenticationService", "KProject.Infrastructure\KProject.AuthenticationService\KProject.AuthenticationService.csproj", "{0A50634B-F630-4839-AE94-FD9FCB5CA4B0}"
EndProject
Project("{FAE04EC0-301F-11D3-BF4B-00C04F79EFBC}") = "KProject.TransactionsService", "KProject.Infrastructure\KProject.TransactionsService\KProject.TransactionsService.csproj", "{80B9986B-A7AD-48CD-8D21-4CBB7E73C727}"
EndProject
Project("{FAE04EC0-301F-11D3-BF4B-00C04F79EFBC}") = "KProject.DataAccessLayer", "KProject.Persistence\KProject.DataAccessLayer\KProject.DataAccessLayer.csproj", "{0888B5A5-A6B9-466B-9292-FD8FA9E27B63}"
EndProject
Global
	GlobalSection(SolutionConfigurationPlatforms) = preSolution
		Debug|Any CPU = Debug|Any CPU
		Release|Any CPU = Release|Any CPU
	EndGlobalSection
	GlobalSection(ProjectConfigurationPlatforms) = postSolution
		{B2AA525F-27E3-47EC-9B9E-0D1A630B020F}.Debug|Any CPU.ActiveCfg = Debug|Any CPU
		{B2AA525F-27E3-47EC-9B9E-0D1A630B020F}.Debug|Any CPU.Build.0 = Debug|Any CPU
		{B2AA525F-27E3-47EC-9B9E-0D1A630B020F}.Release|Any CPU.ActiveCfg = Release|Any CPU
		{B2AA525F-27E3-47EC-9B9E-0D1A630B020F}.Release|Any CPU.Build.0 = Release|Any CPU
		{9494DD30-7265-40EF-AE57-A8F0B2822142}.Debug|Any CPU.ActiveCfg = Debug|Any CPU
		{9494DD30-7265-40EF-AE57-A8F0B2822142}.Debug|Any CPU.Build.0 = Debug|Any CPU
		{9494DD30-7265-40EF-AE57-A8F0B2822142}.Release|Any CPU.ActiveCfg = Release|Any CPU
		{9494DD30-7265-40EF-AE57-A8F0B2822142}.Release|Any CPU.Build.0 = Release|Any CPU
		{A997873A-EE8F-4824-A6B8-9FC2829C0065}.Debug|Any CPU.ActiveCfg = Debug|Any CPU
		{A997873A-EE8F-4824-A6B8-9FC2829C0065}.Debug|Any CPU.Build.0 = Debug|Any CPU
		{A997873A-EE8F-4824-A6B8-9FC2829C0065}.Release|Any CPU.ActiveCfg = Release|Any CPU
		{A997873A-EE8F-4824-A6B8-9FC2829C0065}.Release|Any CPU.Build.0 = Release|Any CPU
		{BCC93098-F6B2-46C4-8123-2AC4C4D755EC}.Debug|Any CPU.ActiveCfg = Debug|Any CPU
		{BCC93098-F6B2-46C4-8123-2AC4C4D755EC}.Debug|Any CPU.Build.0 = Debug|Any CPU
		{BCC93098-F6B2-46C4-8123-2AC4C4D755EC}.Release|Any CPU.ActiveCfg = Release|Any CPU
		{BCC93098-F6B2-46C4-8123-2AC4C4D755EC}.Release|Any CPU.Build.0 = Release|Any CPU
		{34C536A8-71D4-4FF9-BC95-F006E821D26B}.Debug|Any CPU.ActiveCfg = Debug|Any CPU
		{34C536A8-71D4-4FF9-BC95-F006E821D26B}.Debug|Any CPU.Build.0 = Debug|Any CPU
		{34C536A8-71D4-4FF9-BC95-F006E821D26B}.Release|Any CPU.ActiveCfg = Release|Any CPU
		{34C536A8-71D4-4FF9-BC95-F006E821D26B}.Release|Any CPU.Build.0 = Release|Any CPU
		{0A50634B-F630-4839-AE94-FD9FCB5CA4B0}.Debug|Any CPU.ActiveCfg = Debug|Any CPU
		{0A50634B-F630-4839-AE94-FD9FCB5CA4B0}.Debug|Any CPU.Build.0 = Debug|Any CPU
		{0A50634B-F630-4839-AE94-FD9FCB5CA4B0}.Release|Any CPU.ActiveCfg = Release|Any CPU
		{0A50634B-F630-4839-AE94-FD9FCB5CA4B0}.Release|Any CPU.Build.0 = Release|Any CPU
		{80B9986B-A7AD-48CD-8D21-4CBB7E73C727}.Debug|Any CPU.ActiveCfg = Debug|Any CPU
		{80B9986B-A7AD-48CD-8D21-4CBB7E73C727}.Debug|Any CPU.Build.0 = Debug|Any CPU
		{80B9986B-A7AD-48CD-8D21-4CBB7E73C727}.Release|Any CPU.ActiveCfg = Release|Any CPU
		{80B9986B-A7AD-48CD-8D21-4CBB7E73C727}.Release|Any CPU.Build.0 = Release|Any CPU
		{0888B5A5-A6B9-466B-9292-FD8FA9E27B63}.Debug|Any CPU.ActiveCfg = Debug|Any CPU
		{0888B5A5-A6B9-466B-9292-FD8FA9E27B63}.Debug|Any CPU.Build.0 = Debug|Any CPU
		{0888B5A5-A6B9-466B-9292-FD8FA9E27B63}.Release|Any CPU.ActiveCfg = Release|Any CPU
		{0888B5A5-A6B9-466B-9292-FD8FA9E27B63}.Release|Any CPU.Build.0 = Release|Any CPU
	EndGlobalSection
	GlobalSection(SolutionProperties) = preSolution
		HideSolutionNode = FALSE
	EndGlobalSection
	GlobalSection(NestedProjects) = preSolution
		{B2AA525F-27E3-47EC-9B9E-0D1A630B020F} = {3C3268E7-9B34-4166-9899-4D22C9B06E76}
		{9494DD30-7265-40EF-AE57-A8F0B2822142} = {5BC62840-0F34-4773-8A84-A6E8E65624D2}
		{A997873A-EE8F-4824-A6B8-9FC2829C0065} = {5BC62840-0F34-4773-8A84-A6E8E65624D2}
		{BCC93098-F6B2-46C4-8123-2AC4C4D755EC} = {5BC62840-0F34-4773-8A84-A6E8E65624D2}
		{34C536A8-71D4-4FF9-BC95-F006E821D26B} = {1FBE7B00-1659-4302-88FC-D0507BEEC8D5}
		{0A50634B-F630-4839-AE94-FD9FCB5CA4B0} = {56E4FC26-D1F5-43F7-BA51-ABD508D843BE}
		{80B9986B-A7AD-48CD-8D21-4CBB7E73C727} = {56E4FC26-D1F5-43F7-BA51-ABD508D843BE}
		{0888B5A5-A6B9-466B-9292-FD8FA9E27B63} = {F6B22A8F-5924-4573-854E-391B67612ADE}
	EndGlobalSection
EndGlobal
